// !$*UTF8*$!
{
	archiveVersion = 1;
	classes = {
	};
	objectVersion = 48;
	objects = {

/* Begin PBXBuildFile section */
		B719B11A1FF2A11A00415BBB /* PigGirl StickerPackExtension.appex in Embed App Extensions */ = {isa = PBXBuildFile; fileRef = B719B1191FF2A11A00415BBB /* PigGirl StickerPackExtension.appex */; settings = {ATTRIBUTES = (RemoveHeadersOnCopy, ); }; };
		B719B12B1FF2ADBF00415BBB /* InfoPlist.strings in Resources */ = {isa = PBXBuildFile; fileRef = B719B12D1FF2ADBF00415BBB /* InfoPlist.strings */; };
		B719B12F1FF2AFBC00415BBB /* InfoPlist.strings in Resources */ = {isa = PBXBuildFile; fileRef = B719B12D1FF2ADBF00415BBB /* InfoPlist.strings */; };
		B719B1341FF2B35D00415BBB /* Stickers.xcstickers in Resources */ = {isa = PBXBuildFile; fileRef = B719B1331FF2B35D00415BBB /* Stickers.xcstickers */; };
		B719B1351FF2B36200415BBB /* Stickers.xcstickers in Resources */ = {isa = PBXBuildFile; fileRef = B719B1331FF2B35D00415BBB /* Stickers.xcstickers */; };
/* End PBXBuildFile section */

/* Begin PBXContainerItemProxy section */
		B719B11B1FF2A11A00415BBB /* PBXContainerItemProxy */ = {
			isa = PBXContainerItemProxy;
			containerPortal = B719B10F1FF2A11A00415BBB /* Project object */;
			proxyType = 1;
			remoteGlobalIDString = B719B1181FF2A11A00415BBB;
			remoteInfo = "PigGirl StickerPackExtension";
		};
/* End PBXContainerItemProxy section */

/* Begin PBXCopyFilesBuildPhase section */
		B719B1251FF2A11A00415BBB /* Embed App Extensions */ = {
			isa = PBXCopyFilesBuildPhase;
			buildActionMask = 2147483647;
			dstPath = "";
			dstSubfolderSpec = 13;
			files = (
				B719B11A1FF2A11A00415BBB /* PigGirl StickerPackExtension.appex in Embed App Extensions */,
			);
			name = "Embed App Extensions";
			runOnlyForDeploymentPostprocessing = 0;
		};
/* End PBXCopyFilesBuildPhase section */

/* Begin PBXFileReference section */
		B719B1151FF2A11A00415BBB /* PigGirl.app */ = {isa = PBXFileReference; explicitFileType = wrapper.application; includeInIndex = 0; path = PigGirl.app; sourceTree = BUILT_PRODUCTS_DIR; };
		B719B1191FF2A11A00415BBB /* PigGirl StickerPackExtension.appex */ = {isa = PBXFileReference; explicitFileType = "wrapper.app-extension"; includeInIndex = 0; path = "PigGirl StickerPackExtension.appex"; sourceTree = BUILT_PRODUCTS_DIR; };
		B719B12C1FF2ADBF00415BBB /* en */ = {isa = PBXFileReference; lastKnownFileType = text.plist.strings; name = en; path = en.lproj/InfoPlist.strings; sourceTree = "<group>"; };
		B719B12E1FF2ADDF00415BBB /* zh-Hans */ = {isa = PBXFileReference; lastKnownFileType = text.plist.strings; name = "zh-Hans"; path = "zh-Hans.lproj/InfoPlist.strings"; sourceTree = "<group>"; };
		B719B1331FF2B35D00415BBB /* Stickers.xcstickers */ = {isa = PBXFileReference; lastKnownFileType = folder.stickers; path = Stickers.xcstickers; sourceTree = "<group>"; };
/* End PBXFileReference section */

/* Begin PBXGroup section */
		B719B10E1FF2A11A00415BBB = {
			isa = PBXGroup;
			children = (
				B719B1331FF2B35D00415BBB /* Stickers.xcstickers */,
				B719B12D1FF2ADBF00415BBB /* InfoPlist.strings */,
				B719B1161FF2A11A00415BBB /* Products */,
			);
			sourceTree = "<group>";
		};
		B719B1161FF2A11A00415BBB /* Products */ = {
			isa = PBXGroup;
			children = (
				B719B1151FF2A11A00415BBB /* PigGirl.app */,
				B719B1191FF2A11A00415BBB /* PigGirl StickerPackExtension.appex */,
			);
			name = Products;
			sourceTree = "<group>";
		};
/* End PBXGroup section */

/* Begin PBXNativeTarget section */
		B719B1141FF2A11A00415BBB /* PigGirl */ = {
			isa = PBXNativeTarget;
			buildConfigurationList = B719B1261FF2A11A00415BBB /* Build configuration list for PBXNativeTarget "PigGirl" */;
			buildPhases = (
				B719B1131FF2A11A00415BBB /* Resources */,
				B719B1251FF2A11A00415BBB /* Embed App Extensions */,
			);
			buildRules = (
			);
			dependencies = (
				B719B11C1FF2A11A00415BBB /* PBXTargetDependency */,
			);
			name = PigGirl;
			productName = PigGirl;
			productReference = B719B1151FF2A11A00415BBB /* PigGirl.app */;
			productType = "com.apple.product-type.application.messages";
		};
		B719B1181FF2A11A00415BBB /* PigGirl StickerPackExtension */ = {
			isa = PBXNativeTarget;
			buildConfigurationList = B719B1221FF2A11A00415BBB /* Build configuration list for PBXNativeTarget "PigGirl StickerPackExtension" */;
			buildPhases = (
				B719B1171FF2A11A00415BBB /* Resources */,
			);
			buildRules = (
			);
			dependencies = (
			);
			name = "PigGirl StickerPackExtension";
			productName = "PigGirl StickerPackExtension";
			productReference = B719B1191FF2A11A00415BBB /* PigGirl StickerPackExtension.appex */;
			productType = "com.apple.product-type.app-extension.messages-sticker-pack";
		};
/* End PBXNativeTarget section */

/* Begin PBXProject section */
		B719B10F1FF2A11A00415BBB /* Project object */ = {
			isa = PBXProject;
			attributes = {
				LastUpgradeCheck = 0910;
				ORGANIZATIONNAME = lijiangbo;
				TargetAttributes = {
					B719B1141FF2A11A00415BBB = {
						CreatedOnToolsVersion = 9.1;
						ProvisioningStyle = Automatic;
					};
					B719B1181FF2A11A00415BBB = {
						CreatedOnToolsVersion = 9.1;
						ProvisioningStyle = Automatic;
					};
				};
			};
			buildConfigurationList = B719B1121FF2A11A00415BBB /* Build configuration list for PBXProject "PigGirl" */;
			compatibilityVersion = "Xcode 8.0";
			developmentRegion = en;
			hasScannedForEncodings = 0;
			knownRegions = (
				en,
				"zh-Hans",
			);
			mainGroup = B719B10E1FF2A11A00415BBB;
			productRefGroup = B719B1161FF2A11A00415BBB /* Products */;
			projectDirPath = "";
			projectRoot = "";
			targets = (
				B719B1141FF2A11A00415BBB /* PigGirl */,
				B719B1181FF2A11A00415BBB /* PigGirl StickerPackExtension */,
			);
		};
/* End PBXProject section */

/* Begin PBXResourcesBuildPhase section */
		B719B1131FF2A11A00415BBB /* Resources */ = {
			isa = PBXResourcesBuildPhase;
			buildActionMask = 2147483647;
			files = (
				B719B1341FF2B35D00415BBB /* Stickers.xcstickers in Resources */,
				B719B12B1FF2ADBF00415BBB /* InfoPlist.strings in Resources */,
			);
			runOnlyForDeploymentPostprocessing = 0;
		};
		B719B1171FF2A11A00415BBB /* Resources */ = {
			isa = PBXResourcesBuildPhase;
			buildActionMask = 2147483647;
			files = (
				B719B1351FF2B36200415BBB /* Stickers.xcstickers in Resources */,
				B719B12F1FF2AFBC00415BBB /* InfoPlist.strings in Resources */,
			);
			runOnlyForDeploymentPostprocessing = 0;
		};
/* End PBXResourcesBuildPhase section */

/* Begin PBXTargetDependency section */
		B719B11C1FF2A11A00415BBB /* PBXTargetDependency */ = {
			isa = PBXTargetDependency;
			target = B719B1181FF2A11A00415BBB /* PigGirl StickerPackExtension */;
			targetProxy = B719B11B1FF2A11A00415BBB /* PBXContainerItemProxy */;
		};
/* End PBXTargetDependency section */

/* Begin PBXVariantGroup section */
		B719B12D1FF2ADBF00415BBB /* InfoPlist.strings */ = {
			isa = PBXVariantGroup;
			children = (
				B719B12C1FF2ADBF00415BBB /* en */,
				B719B12E1FF2ADDF00415BBB /* zh-Hans */,
			);
			name = InfoPlist.strings;
			sourceTree = "<group>";
		};
/* End PBXVariantGroup section */

/* Begin XCBuildConfiguration section */
		B719B1201FF2A11A00415BBB /* Debug */ = {
			isa = XCBuildConfiguration;
			buildSettings = {
				ALWAYS_SEARCH_USER_PATHS = NO;
				CLANG_ANALYZER_LOCALIZABILITY_NONLOCALIZED = YES;
				CLANG_ANALYZER_NONNULL = YES;
				CLANG_ANALYZER_NUMBER_OBJECT_CONVERSION = YES_AGGRESSIVE;
				CLANG_CXX_LANGUAGE_STANDARD = "gnu++14";
				CLANG_CXX_LIBRARY = "libc++";
				CLANG_ENABLE_MODULES = YES;
				CLANG_ENABLE_OBJC_ARC = YES;
				CLANG_WARN_BLOCK_CAPTURE_AUTORELEASING = YES;
				CLANG_WARN_BOOL_CONVERSION = YES;
				CLANG_WARN_COMMA = YES;
				CLANG_WARN_CONSTANT_CONVERSION = YES;
				CLANG_WARN_DIRECT_OBJC_ISA_USAGE = YES_ERROR;
				CLANG_WARN_DOCUMENTATION_COMMENTS = YES;
				CLANG_WARN_EMPTY_BODY = YES;
				CLANG_WARN_ENUM_CONVERSION = YES;
				CLANG_WARN_INFINITE_RECURSION = YES;
				CLANG_WARN_INT_CONVERSION = YES;
				CLANG_WARN_NON_LITERAL_NULL_CONVERSION = YES;
				CLANG_WARN_OBJC_LITERAL_CONVERSION = YES;
				CLANG_WARN_OBJC_ROOT_CLASS = YES_ERROR;
				CLANG_WARN_RANGE_LOOP_ANALYSIS = YES;
				CLANG_WARN_STRICT_PROTOTYPES = YES;
				CLANG_WARN_SUSPICIOUS_MOVE = YES;
				CLANG_WARN_UNGUARDED_AVAILABILITY = YES_AGGRESSIVE;
				CLANG_WARN_UNREACHABLE_CODE = YES;
				CLANG_WARN__DUPLICATE_METHOD_MATCH = YES;
				CODE_SIGN_IDENTITY = "iPhone Developer";
				COPY_PHASE_STRIP = NO;
				DEBUG_INFORMATION_FORMAT = dwarf;
				ENABLE_STRICT_OBJC_MSGSEND = YES;
				ENABLE_TESTABILITY = YES;
				GCC_C_LANGUAGE_STANDARD = gnu11;
				GCC_DYNAMIC_NO_PIC = NO;
				GCC_NO_COMMON_BLOCKS = YES;
				GCC_OPTIMIZATION_LEVEL = 0;
				GCC_PREPROCESSOR_DEFINITIONS = (
					"DEBUG=1",
					"$(inherited)",
				);
				GCC_WARN_64_TO_32_BIT_CONVERSION = YES;
				GCC_WARN_ABOUT_RETURN_TYPE = YES_ERROR;
				GCC_WARN_UNDECLARED_SELECTOR = YES;
				GCC_WARN_UNINITIALIZED_AUTOS = YES_AGGRESSIVE;
				GCC_WARN_UNUSED_FUNCTION = YES;
				GCC_WARN_UNUSED_VARIABLE = YES;
				IPHONEOS_DEPLOYMENT_TARGET = 11.1;
				MTL_ENABLE_DEBUG_INFO = YES;
				ONLY_ACTIVE_ARCH = YES;
				SDKROOT = iphoneos;
			};
			name = Debug;
		};
		B719B1211FF2A11A00415BBB /* Release */ = {
			isa = XCBuildConfiguration;
			buildSettings = {
				ALWAYS_SEARCH_USER_PATHS = NO;
				CLANG_ANALYZER_LOCALIZABILITY_NONLOCALIZED = YES;
				CLANG_ANALYZER_NONNULL = YES;
				CLANG_ANALYZER_NUMBER_OBJECT_CONVERSION = YES_AGGRESSIVE;
				CLANG_CXX_LANGUAGE_STANDARD = "gnu++14";
				CLANG_CXX_LIBRARY = "libc++";
				CLANG_ENABLE_MODULES = YES;
				CLANG_ENABLE_OBJC_ARC = YES;
				CLANG_WARN_BLOCK_CAPTURE_AUTORELEASING = YES;
				CLANG_WARN_BOOL_CONVERSION = YES;
				CLANG_WARN_COMMA = YES;
				CLANG_WARN_CONSTANT_CONVERSION = YES;
				CLANG_WARN_DIRECT_OBJC_ISA_USAGE = YES_ERROR;
				CLANG_WARN_DOCUMENTATION_COMMENTS = YES;
				CLANG_WARN_EMPTY_BODY = YES;
				CLANG_WARN_ENUM_CONVERSION = YES;
				CLANG_WARN_INFINITE_RECURSION = YES;
				CLANG_WARN_INT_CONVERSION = YES;
				CLANG_WARN_NON_LITERAL_NULL_CONVERSION = YES;
				CLANG_WARN_OBJC_LITERAL_CONVERSION = YES;
				CLANG_WARN_OBJC_ROOT_CLASS = YES_ERROR;
				CLANG_WARN_RANGE_LOOP_ANALYSIS = YES;
				CLANG_WARN_STRICT_PROTOTYPES = YES;
				CLANG_WARN_SUSPICIOUS_MOVE = YES;
				CLANG_WARN_UNGUARDED_AVAILABILITY = YES_AGGRESSIVE;
				CLANG_WARN_UNREACHABLE_CODE = YES;
				CLANG_WARN__DUPLICATE_METHOD_MATCH = YES;
				CODE_SIGN_IDENTITY = "iPhone Developer";
				COPY_PHASE_STRIP = NO;
				DEBUG_INFORMATION_FORMAT = "dwarf-with-dsym";
				ENABLE_NS_ASSERTIONS = NO;
				ENABLE_STRICT_OBJC_MSGSEND = YES;
				GCC_C_LANGUAGE_STANDARD = gnu11;
				GCC_NO_COMMON_BLOCKS = YES;
				GCC_WARN_64_TO_32_BIT_CONVERSION = YES;
				GCC_WARN_ABOUT_RETURN_TYPE = YES_ERROR;
				GCC_WARN_UNDECLARED_SELECTOR = YES;
				GCC_WARN_UNINITIALIZED_AUTOS = YES_AGGRESSIVE;
				GCC_WARN_UNUSED_FUNCTION = YES;
				GCC_WARN_UNUSED_VARIABLE = YES;
				IPHONEOS_DEPLOYMENT_TARGET = 11.1;
				MTL_ENABLE_DEBUG_INFO = NO;
				SDKROOT = iphoneos;
				VALIDATE_PRODUCT = YES;
			};
			name = Release;
		};
		B719B1231FF2A11A00415BBB /* Debug */ = {
			isa = XCBuildConfiguration;
			buildSettings = {
				ASSETCATALOG_COMPILER_APPICON_NAME = "Messages Icon";
				CODE_SIGN_STYLE = Automatic;
				DEVELOPMENT_TEAM = 47W28PSMV7;
				INFOPLIST_FILE = "PigGirl StickerPackExtension/Info.plist";
				IPHONEOS_DEPLOYMENT_TARGET = 8.0;
				PRODUCT_BUNDLE_IDENTIFIER = com.lijiangbo.PigGirl.StickerPackExtension;
				PRODUCT_NAME = "$(TARGET_NAME)";
				SKIP_INSTALL = YES;
				TARGETED_DEVICE_FAMILY = "1,2";
			};
			name = Debug;
		};
		B719B1241FF2A11A00415BBB /* Release */ = {
			isa = XCBuildConfiguration;
			buildSettings = {
				ASSETCATALOG_COMPILER_APPICON_NAME = "Messages Icon";
				CODE_SIGN_STYLE = Automatic;
				DEVELOPMENT_TEAM = 47W28PSMV7;
				INFOPLIST_FILE = "PigGirl StickerPackExtension/Info.plist";
				IPHONEOS_DEPLOYMENT_TARGET = 8.0;
				PRODUCT_BUNDLE_IDENTIFIER = com.lijiangbo.PigGirl.StickerPackExtension;
				PRODUCT_NAME = "$(TARGET_NAME)";
				SKIP_INSTALL = YES;
				TARGETED_DEVICE_FAMILY = "1,2";
			};
			name = Release;
		};
		B719B1271FF2A11A00415BBB /* Debug */ = {
			isa = XCBuildConfiguration;
			buildSettings = {
				ASSETCATALOG_COMPILER_APPICON_NAME = "Messages Icon";
				CODE_SIGN_STYLE = Automatic;
				DEVELOPMENT_TEAM = 47W28PSMV7;
				INFOPLIST_FILE = PigGirl/Info.plist;
				IPHONEOS_DEPLOYMENT_TARGET = 8.0;
				PRODUCT_BUNDLE_IDENTIFIER = com.lijiangbo.PigGirl;
				PRODUCT_NAME = "$(TARGET_NAME)";
				TARGETED_DEVICE_FAMILY = "1,2";
			};
			name = Debug;
		};
		B719B1281FF2A11A00415BBB /* Release */ = {
			isa = XCBuildConfiguration;
			buildSettings = {
				ASSETCATALOG_COMPILER_APPICON_NAME = "Messages Icon";
				CODE_SIGN_STYLE = Automatic;
				DEVELOPMENT_TEAM = 47W28PSMV7;
				INFOPLIST_FILE = PigGirl/Info.plist;
				IPHONEOS_DEPLOYMENT_TARGET = 8.0;
				PRODUCT_BUNDLE_IDENTIFIER = com.lijiangbo.PigGirl;
				PRODUCT_NAME = "$(TARGET_NAME)";
				TARGETED_DEVICE_FAMILY = "1,2";
			};
			name = Release;
		};
/* End XCBuildConfiguration section */

/* Begin XCConfigurationList section */
		B719B1121FF2A11A00415BBB /* Build configuration list for PBXProject "PigGirl" */ = {
			isa = XCConfigurationList;
			buildConfigurations = (
				B719B1201FF2A11A00415BBB /* Debug */,
				B719B1211FF2A11A00415BBB /* Release */,
			);
			defaultConfigurationIsVisible = 0;
			defaultConfigurationName = Release;
		};
		B719B1221FF2A11A00415BBB /* Build configuration list for PBXNativeTarget "PigGirl StickerPackExtension" */ = {
			isa = XCConfigurationList;
			buildConfigurations = (
				B719B1231FF2A11A00415BBB /* Debug */,
				B719B1241FF2A11A00415BBB /* Release */,
			);
			defaultConfigurationIsVisible = 0;
			defaultConfigurationName = Release;
		};
		B719B1261FF2A11A00415BBB /* Build configuration list for PBXNativeTarget "PigGirl" */ = {
			isa = XCConfigurationList;
			buildConfigurations = (
				B719B1271FF2A11A00415BBB /* Debug */,
				B719B1281FF2A11A00415BBB /* Release */,
			);
			defaultConfigurationIsVisible = 0;
			defaultConfigurationName = Release;
		};
/* End XCConfigurationList section */
	};
	rootObject = B719B10F1FF2A11A00415BBB /* Project object */;
}
